// !$*UTF8*$!
{
	archiveVersion = 1;
	classes = {
	};
	objectVersion = 77;
	objects = {

/* Begin PBXBuildFile section */
		E1010001A922B2F06EF834AD /* WorkspaceIndexModels.swift in Sources */ = {isa = PBXBuildFile; fileRef = E1020001A922B2F06EF834AD /* WorkspaceIndexModels.swift */; };
		E1010002A922B2F06EF834AD /* WorkspaceSearch.swift in Sources */ = {isa = PBXBuildFile; fileRef = E1020002A922B2F06EF834AD /* WorkspaceSearch.swift */; };
		E1010003A922B2F06EF834AD /* QuickOpenMatcher.swift in Sources */ = {isa = PBXBuildFile; fileRef = E1020003A922B2F06EF834AD /* QuickOpenMatcher.swift */; };
		E1010004A922B2F06EF834AD /* FileWatcherService.swift in Sources */ = {isa = PBXBuildFile; fileRef = E1020004A922B2F06EF834AD /* FileWatcherService.swift */; };
		E2010001A922B2F06EF834AD /* TerminalProtocols.swift in Sources */ = {isa = PBXBuildFile; fileRef = E2020001A922B2F06EF834AD /* TerminalProtocols.swift */; };
		E2010002A922B2F06EF834AD /* TerminalSession.swift in Sources */ = {isa = PBXBuildFile; fileRef = E2020002A922B2F06EF834AD /* TerminalSession.swift */; };
		C4020088A922B2F06EF834AD /* URL+RelativePath.swift in Sources */ = {isa = PBXBuildFile; fileRef = C4010088A922B2F06EF834AD /* URL+RelativePath.swift */; };
		C4020000A922B2F06EF834AD /* AgentMessageRowView.swift in Sources */ = {isa = PBXBuildFile; fileRef = C4010000A922B2F06EF834AD /* AgentMessageRowView.swift */; };
		C4020001A922B2F06EF834AD /* AgentModels.swift in Sources */ = {isa = PBXBuildFile; fileRef = C4010001A922B2F06EF834AD /* AgentModels.swift */; };
		C4020002A922B2F06EF834AD /* AgentSession.swift in Sources */ = {isa = PBXBuildFile; fileRef = C4010002A922B2F06EF834AD /* AgentSession.swift */; };
		C4020003A922B2F06EF834AD /* CodexAppServerClient.swift in Sources */ = {isa = PBXBuildFile; fileRef = C4010003A922B2F06EF834AD /* CodexAppServerClient.swift */; };
		C4020004A922B2F06EF834AD /* CodexAppServerService.swift in Sources */ = {isa = PBXBuildFile; fileRef = C4010004A922B2F06EF834AD /* CodexAppServerService.swift */; };
		C4020005A922B2F06EF834AD /* CodexAuthService.swift in Sources */ = {isa = PBXBuildFile; fileRef = C4010005A922B2F06EF834AD /* CodexAuthService.swift */; };
		C4020006A922B2F06EF834AD /* CodexEventParser.swift in Sources */ = {isa = PBXBuildFile; fileRef = C4010006A922B2F06EF834AD /* CodexEventParser.swift */; };
		C4020007A922B2F06EF834AD /* CodexModels.swift in Sources */ = {isa = PBXBuildFile; fileRef = C4010007A922B2F06EF834AD /* CodexModels.swift */; };
		C4020008A922B2F06EF834AD /* GeminiAuthService.swift in Sources */ = {isa = PBXBuildFile; fileRef = C4010008A922B2F06EF834AD /* GeminiAuthService.swift */; };
		C4020009A922B2F06EF834AD /* GeminiExecutableLocator.swift in Sources */ = {isa = PBXBuildFile; fileRef = C4010009A922B2F06EF834AD /* GeminiExecutableLocator.swift */; };
		C4020010A922B2F06EF834AD /* MarkdownBlocks.swift in Sources */ = {isa = PBXBuildFile; fileRef = C4010010A922B2F06EF834AD /* MarkdownBlocks.swift */; };
		C4020011A922B2F06EF834AD /* ModelCatalogService.swift in Sources */ = {isa = PBXBuildFile; fileRef = C4010011A922B2F06EF834AD /* ModelCatalogService.swift */; };
		C4020012A922B2F06EF834AD /* PromptInputBar.swift in Sources */ = {isa = PBXBuildFile; fileRef = C4010012A922B2F06EF834AD /* PromptInputBar.swift */; };
		C2010003A922B2F06EF834AD /* GitBridgeModels.swift in Sources */ = {isa = PBXBuildFile; fileRef = C2010001A922B2F06EF834AD /* GitBridgeModels.swift */; };
		C2010004A922B2F06EF834AD /* GitBridgeClient.swift in Sources */ = {isa = PBXBuildFile; fileRef = C2010002A922B2F06EF834AD /* GitBridgeClient.swift */; };
		C3010005A922B2F06EF834AD /* LSPModels.swift in Sources */ = {isa = PBXBuildFile; fileRef = C3010001A922B2F06EF834AD /* LSPModels.swift */; };
		C3010006A922B2F06EF834AD /* LSPServerConfig.swift in Sources */ = {isa = PBXBuildFile; fileRef = C3010002A922B2F06EF834AD /* LSPServerConfig.swift */; };
		C3010007A922B2F06EF834AD /* LSPClient.swift in Sources */ = {isa = PBXBuildFile; fileRef = C3010003A922B2F06EF834AD /* LSPClient.swift */; };
		C3010008A922B2F06EF834AD /* LSPClientManager.swift in Sources */ = {isa = PBXBuildFile; fileRef = C3010004A922B2F06EF834AD /* LSPClientManager.swift */; };
		A10100062DBC1CD7BB090EE2 /* ShortcutCheatSheetView.swift in Sources */ = {isa = PBXBuildFile; fileRef = B1010006A922B2F06EF834AD /* ShortcutCheatSheetView.swift */; };
		A10100052DBC1CD7BB090EE2 /* SuggestionOverlayController.swift in Sources */ = {isa = PBXBuildFile; fileRef = B1010005A922B2F06EF834AD /* SuggestionOverlayController.swift */; };
		A10100042DBC1CD7BB090EE2 /* CodeCompletionService.swift in Sources */ = {isa = PBXBuildFile; fileRef = B1010004A922B2F06EF834AD /* CodeCompletionService.swift */; };
		A10100032DBC1CD7BB090EE2 /* SyntaxCheckService.swift in Sources */ = {isa = PBXBuildFile; fileRef = B1010003A922B2F06EF834AD /* SyntaxCheckService.swift */; };
		A10100022DBC1CD7BB090EE2 /* SettingsView.swift in Sources */ = {isa = PBXBuildFile; fileRef = B1010002A922B2F06EF834AD /* SettingsView.swift */; };
		1A8C632D8AAD6BADE387FD84 /* TerminalView.swift in Sources */ = {isa = PBXBuildFile; fileRef = 06E3E5E96609BAC7EC257FA5 /* TerminalView.swift */; };
		236857F5CF1898DC2CC54FD8 /* EditorDocument.swift in Sources */ = {isa = PBXBuildFile; fileRef = 6052BD8029E5C5686780E276 /* EditorDocument.swift */; };
		2DDB137832AEE3A1B86BA30A /* Assets.xcassets in Resources */ = {isa = PBXBuildFile; fileRef = 8650E1550FF5B564D5154EF5 /* Assets.xcassets */; };
		3208B22FFEDE7B5AF7079A76 /* WorkspaceSearchView.swift in Sources */ = {isa = PBXBuildFile; fileRef = FD214D2A1312129925D5096C /* WorkspaceSearchView.swift */; };
		34D92B120E17117437B4C83A /* RollCodeApp.swift in Sources */ = {isa = PBXBuildFile; fileRef = B2F8771B99C9BA40F3DC618D /* RollCodeApp.swift */; };
		41DA4DA7784C1173E4636615 /* QuickOpenView.swift in Sources */ = {isa = PBXBuildFile; fileRef = 838061E9A81A90C22BBD98D3 /* QuickOpenView.swift */; };
		58E50C1CFBA9F0F95EB8BDC5 /* ContentView.swift in Sources */ = {isa = PBXBuildFile; fileRef = 8C72D31622D2C578313E4592 /* ContentView.swift */; };
		5C96E77FF30CF39E08441593 /* WorkspaceModel+Search.swift in Sources */ = {isa = PBXBuildFile; fileRef = F9EEEE206A75557B9C6E93B6 /* WorkspaceModel+Search.swift */; };
		8C902C37A357B6D62BDE498A /* StatusBarView.swift in Sources */ = {isa = PBXBuildFile; fileRef = 95C30C09271F19837D613065 /* StatusBarView.swift */; };
		8DBD4209F7CCD35BF417AE85 /* GitChangesView.swift in Sources */ = {isa = PBXBuildFile; fileRef = 2C6F410620414229ED11ECD0 /* GitChangesView.swift */; };
		ABFEB9698D7F1107FCCE094A /* AgentPanelView.swift in Sources */ = {isa = PBXBuildFile; fileRef = C9C767C9339F05FD8B88FF4D /* AgentPanelView.swift */; };
		BA0A6FF1AC63E894958177DE /* WorkspaceModel.swift in Sources */ = {isa = PBXBuildFile; fileRef = 48D8E08B9D3380DF5FEF51D2 /* WorkspaceModel.swift */; };
		D14EDE2AF7E1C44A04148482 /* EditorWorkspaceView.swift in Sources */ = {isa = PBXBuildFile; fileRef = 1BD7FA7D88687B1494C4B3D0 /* EditorWorkspaceView.swift */; };
		D59906FAAE255735531190E5 /* CodeEditorView.swift in Sources */ = {isa = PBXBuildFile; fileRef = 431906205771AD178AFE3D62 /* CodeEditorView.swift */; };
		DE6BF8C0C0BCACF4BB84013E /* SidebarView.swift in Sources */ = {isa = PBXBuildFile; fileRef = F19EA110FDE9DCE79DB3D1D8 /* SidebarView.swift */; };
		EB01FC710A9944AF50ECC29B /* RollCodeTests.swift in Sources */ = {isa = PBXBuildFile; fileRef = 1F8C2201CCD6286378E4D647 /* RollCodeTests.swift */; };
		EB4E46972CC51A25E72AF525 /* WorkspaceToolbar.swift in Sources */ = {isa = PBXBuildFile; fileRef = 988FB931D37AB17FC291259C /* WorkspaceToolbar.swift */; };
		F6E0EA9CBF792581BEBD500C /* EditorSmartEditing.swift in Sources */ = {isa = PBXBuildFile; fileRef = 39D36B8757FCD6E258124A17 /* EditorSmartEditing.swift */; };
/* End PBXBuildFile section */

/* Begin PBXContainerItemProxy section */
		67F52093D81046510E8BFCE6 /* PBXContainerItemProxy */ = {
			isa = PBXContainerItemProxy;
			containerPortal = 9EFD5EF15A8494AB690413B7 /* Project object */;
			proxyType = 1;
			remoteGlobalIDString = 0130AA5B136A4F5AC56ACE81;
			remoteInfo = RollCode;
		};
/* End PBXContainerItemProxy section */

/* Begin PBXFileReference section */
		E1020000A922B2F06EF834AD /* README.md */ = {isa = PBXFileReference; lastKnownFileType = net.daringfireball.markdown; name = README.md; path = "../../README.md"; sourceTree = "<group>"; };
		E1020005A922B2F06EF834AD /* Package.swift */ = {isa = PBXFileReference; lastKnownFileType = sourcecode.swift; name = Package.swift; path = "../../Package.swift"; sourceTree = "<group>"; };
		E1020001A922B2F06EF834AD /* WorkspaceIndexModels.swift */ = {isa = PBXFileReference; lastKnownFileType = sourcecode.swift; path = WorkspaceIndexModels.swift; sourceTree = "<group>"; };
		E1020002A922B2F06EF834AD /* WorkspaceSearch.swift */ = {isa = PBXFileReference; lastKnownFileType = sourcecode.swift; path = WorkspaceSearch.swift; sourceTree = "<group>"; };
		E1020003A922B2F06EF834AD /* QuickOpenMatcher.swift */ = {isa = PBXFileReference; lastKnownFileType = sourcecode.swift; path = QuickOpenMatcher.swift; sourceTree = "<group>"; };
		E1020004A922B2F06EF834AD /* FileWatcherService.swift */ = {isa = PBXFileReference; lastKnownFileType = sourcecode.swift; path = FileWatcherService.swift; sourceTree = "<group>"; };
		E2020000A922B2F06EF834AD /* README.md */ = {isa = PBXFileReference; lastKnownFileType = net.daringfireball.markdown; name = README.md; path = "../../README.md"; sourceTree = "<group>"; };
		E2020005A922B2F06EF834AD /* Package.swift */ = {isa = PBXFileReference; lastKnownFileType = sourcecode.swift; name = Package.swift; path = "../../Package.swift"; sourceTree = "<group>"; };
		E2020001A922B2F06EF834AD /* TerminalProtocols.swift */ = {isa = PBXFileReference; lastKnownFileType = sourcecode.swift; path = TerminalProtocols.swift; sourceTree = "<group>"; };
		E2020002A922B2F06EF834AD /* TerminalSession.swift */ = {isa = PBXFileReference; lastKnownFileType = sourcecode.swift; path = TerminalSession.swift; sourceTree = "<group>"; };
		D0010001A922B2F06EF834AD /* README.md */ = {isa = PBXFileReference; lastKnownFileType = net.daringfireball.markdown; name = README.md; path = "../../README.md"; sourceTree = "<group>"; };
		D0010002A922B2F06EF834AD /* Package.swift */ = {isa = PBXFileReference; lastKnownFileType = sourcecode.swift; name = Package.swift; path = "../../Package.swift"; sourceTree = "<group>"; };
		D0020001A922B2F06EF834AD /* README.md */ = {isa = PBXFileReference; lastKnownFileType = net.daringfireball.markdown; name = README.md; path = "../../README.md"; sourceTree = "<group>"; };
		D0020002A922B2F06EF834AD /* Package.swift */ = {isa = PBXFileReference; lastKnownFileType = sourcecode.swift; name = Package.swift; path = "../../Package.swift"; sourceTree = "<group>"; };
		D0030001A922B2F06EF834AD /* README.md */ = {isa = PBXFileReference; lastKnownFileType = net.daringfireball.markdown; name = README.md; path = "../../README.md"; sourceTree = "<group>"; };
		D0030002A922B2F06EF834AD /* Package.swift */ = {isa = PBXFileReference; lastKnownFileType = sourcecode.swift; name = Package.swift; path = "../../Package.swift"; sourceTree = "<group>"; };
		C4010088A922B2F06EF834AD /* URL+RelativePath.swift */ = {isa = PBXFileReference; lastKnownFileType = sourcecode.swift; path = "Core/URL+RelativePath.swift"; sourceTree = "<group>"; };
		C4010000A922B2F06EF834AD /* AgentMessageRowView.swift */ = {isa = PBXFileReference; lastKnownFileType = sourcecode.swift; path = "UI/AgentMessageRowView.swift"; sourceTree = "<group>"; };
		C4010001A922B2F06EF834AD /* AgentModels.swift */ = {isa = PBXFileReference; lastKnownFileType = sourcecode.swift; path = "Core/AgentModels.swift"; sourceTree = "<group>"; };
		C4010002A922B2F06EF834AD /* AgentSession.swift */ = {isa = PBXFileReference; lastKnownFileType = sourcecode.swift; path = "Engine/AgentSession.swift"; sourceTree = "<group>"; };
		C4010003A922B2F06EF834AD /* CodexAppServerClient.swift */ = {isa = PBXFileReference; lastKnownFileType = sourcecode.swift; path = "Providers/Codex/CodexAppServerClient.swift"; sourceTree = "<group>"; };
		C4010004A922B2F06EF834AD /* CodexAppServerService.swift */ = {isa = PBXFileReference; lastKnownFileType = sourcecode.swift; path = "Providers/Codex/CodexAppServerService.swift"; sourceTree = "<group>"; };
		C4010005A922B2F06EF834AD /* CodexAuthService.swift */ = {isa = PBXFileReference; lastKnownFileType = sourcecode.swift; path = "Providers/Codex/CodexAuthService.swift"; sourceTree = "<group>"; };
		C4010006A922B2F06EF834AD /* CodexEventParser.swift */ = {isa = PBXFileReference; lastKnownFileType = sourcecode.swift; path = "Providers/Codex/CodexEventParser.swift"; sourceTree = "<group>"; };
		C4010007A922B2F06EF834AD /* CodexModels.swift */ = {isa = PBXFileReference; lastKnownFileType = sourcecode.swift; path = "Providers/Codex/CodexModels.swift"; sourceTree = "<group>"; };
		C4010008A922B2F06EF834AD /* GeminiAuthService.swift */ = {isa = PBXFileReference; lastKnownFileType = sourcecode.swift; path = "Providers/Gemini/GeminiAuthService.swift"; sourceTree = "<group>"; };
		C4010009A922B2F06EF834AD /* GeminiExecutableLocator.swift */ = {isa = PBXFileReference; lastKnownFileType = sourcecode.swift; path = "Providers/Gemini/GeminiExecutableLocator.swift"; sourceTree = "<group>"; };
		C4010010A922B2F06EF834AD /* MarkdownBlocks.swift */ = {isa = PBXFileReference; lastKnownFileType = sourcecode.swift; path = "UI/MarkdownBlocks.swift"; sourceTree = "<group>"; };
		C4010011A922B2F06EF834AD /* ModelCatalogService.swift */ = {isa = PBXFileReference; lastKnownFileType = sourcecode.swift; path = "Core/ModelCatalogService.swift"; sourceTree = "<group>"; };
		C4010012A922B2F06EF834AD /* PromptInputBar.swift */ = {isa = PBXFileReference; lastKnownFileType = sourcecode.swift; path = "UI/PromptInputBar.swift"; sourceTree = "<group>"; };
		B1010006A922B2F06EF834AD /* ShortcutCheatSheetView.swift */ = {isa = PBXFileReference; lastKnownFileType = sourcecode.swift; path = ShortcutCheatSheetView.swift; sourceTree = "<group>"; };
		B1010005A922B2F06EF834AD /* SuggestionOverlayController.swift */ = {isa = PBXFileReference; lastKnownFileType = sourcecode.swift; path = SuggestionOverlayController.swift; sourceTree = "<group>"; };
		B1010004A922B2F06EF834AD /* CodeCompletionService.swift */ = {isa = PBXFileReference; lastKnownFileType = sourcecode.swift; path = CodeCompletionService.swift; sourceTree = "<group>"; };
		B1010003A922B2F06EF834AD /* SyntaxCheckService.swift */ = {isa = PBXFileReference; lastKnownFileType = sourcecode.swift; path = SyntaxCheckService.swift; sourceTree = "<group>"; };
		B1010002A922B2F06EF834AD /* SettingsView.swift */ = {isa = PBXFileReference; lastKnownFileType = sourcecode.swift; path = SettingsView.swift; sourceTree = "<group>"; };
		06E3E5E96609BAC7EC257FA5 /* TerminalView.swift */ = {isa = PBXFileReference; lastKnownFileType = sourcecode.swift; path = TerminalView.swift; sourceTree = "<group>"; };
		1BD7FA7D88687B1494C4B3D0 /* EditorWorkspaceView.swift */ = {isa = PBXFileReference; lastKnownFileType = sourcecode.swift; path = EditorWorkspaceView.swift; sourceTree = "<group>"; };
		1F8C2201CCD6286378E4D647 /* RollCodeTests.swift */ = {isa = PBXFileReference; lastKnownFileType = sourcecode.swift; path = RollCodeTests.swift; sourceTree = "<group>"; };
		2C6F410620414229ED11ECD0 /* GitChangesView.swift */ = {isa = PBXFileReference; lastKnownFileType = sourcecode.swift; path = GitChangesView.swift; sourceTree = "<group>"; };
		39D36B8757FCD6E258124A17 /* EditorSmartEditing.swift */ = {isa = PBXFileReference; lastKnownFileType = sourcecode.swift; path = EditorSmartEditing.swift; sourceTree = "<group>"; };
		431906205771AD178AFE3D62 /* CodeEditorView.swift */ = {isa = PBXFileReference; lastKnownFileType = sourcecode.swift; path = CodeEditorView.swift; sourceTree = "<group>"; };
		48D8E08B9D3380DF5FEF51D2 /* WorkspaceModel.swift */ = {isa = PBXFileReference; lastKnownFileType = sourcecode.swift; path = WorkspaceModel.swift; sourceTree = "<group>"; };
		6052BD8029E5C5686780E276 /* EditorDocument.swift */ = {isa = PBXFileReference; lastKnownFileType = sourcecode.swift; path = EditorDocument.swift; sourceTree = "<group>"; };
		838061E9A81A90C22BBD98D3 /* QuickOpenView.swift */ = {isa = PBXFileReference; lastKnownFileType = sourcecode.swift; path = QuickOpenView.swift; sourceTree = "<group>"; };
		8650E1550FF5B564D5154EF5 /* Assets.xcassets */ = {isa = PBXFileReference; lastKnownFileType = folder.assetcatalog; path = Assets.xcassets; sourceTree = "<group>"; };
		8C72D31622D2C578313E4592 /* ContentView.swift */ = {isa = PBXFileReference; lastKnownFileType = sourcecode.swift; path = ContentView.swift; sourceTree = "<group>"; };
		95C30C09271F19837D613065 /* StatusBarView.swift */ = {isa = PBXFileReference; lastKnownFileType = sourcecode.swift; path = StatusBarView.swift; sourceTree = "<group>"; };
		97AD5646F48C77219D92C517 /* RollCodeTests.xctest */ = {isa = PBXFileReference; explicitFileType = wrapper.cfbundle; includeInIndex = 0; path = RollCodeTests.xctest; sourceTree = BUILT_PRODUCTS_DIR; };
		988FB931D37AB17FC291259C /* WorkspaceToolbar.swift */ = {isa = PBXFileReference; lastKnownFileType = sourcecode.swift; path = WorkspaceToolbar.swift; sourceTree = "<group>"; };
		A53F3A5C117C4C95F12CACBD /* RollCode.app */ = {isa = PBXFileReference; explicitFileType = wrapper.application; includeInIndex = 0; path = RollCode.app; sourceTree = BUILT_PRODUCTS_DIR; };
		B2F8771B99C9BA40F3DC618D /* RollCodeApp.swift */ = {isa = PBXFileReference; lastKnownFileType = sourcecode.swift; path = RollCodeApp.swift; sourceTree = "<group>"; };
		C9C767C9339F05FD8B88FF4D /* AgentPanelView.swift */ = {isa = PBXFileReference; lastKnownFileType = sourcecode.swift; path = AgentPanelView.swift; sourceTree = "<group>"; };
		D280C8447EC335A6A3B32529 /* Info.plist */ = {isa = PBXFileReference; lastKnownFileType = text.plist; path = Info.plist; sourceTree = "<group>"; };
		F19EA110FDE9DCE79DB3D1D8 /* SidebarView.swift */ = {isa = PBXFileReference; lastKnownFileType = sourcecode.swift; path = SidebarView.swift; sourceTree = "<group>"; };
		F9EEEE206A75557B9C6E93B6 /* WorkspaceModel+Search.swift */ = {isa = PBXFileReference; lastKnownFileType = sourcecode.swift; path = "WorkspaceModel+Search.swift"; sourceTree = "<group>"; };
		C2010001A922B2F06EF834AD /* GitBridgeModels.swift */ = {isa = PBXFileReference; lastKnownFileType = sourcecode.swift; path = GitBridgeModels.swift; sourceTree = "<group>"; };
		C2010002A922B2F06EF834AD /* GitBridgeClient.swift */ = {isa = PBXFileReference; lastKnownFileType = sourcecode.swift; path = GitBridgeClient.swift; sourceTree = "<group>"; };
		C3010001A922B2F06EF834AD /* LSPModels.swift */ = {isa = PBXFileReference; lastKnownFileType = sourcecode.swift; path = LSPModels.swift; sourceTree = "<group>"; };
		C3010002A922B2F06EF834AD /* LSPServerConfig.swift */ = {isa = PBXFileReference; lastKnownFileType = sourcecode.swift; path = LanguageServerConfig.swift; sourceTree = "<group>"; };
		C3010003A922B2F06EF834AD /* LSPClient.swift */ = {isa = PBXFileReference; lastKnownFileType = sourcecode.swift; path = LSPClient.swift; sourceTree = "<group>"; };
		C3010004A922B2F06EF834AD /* LSPClientManager.swift */ = {isa = PBXFileReference; lastKnownFileType = sourcecode.swift; path = LSPClientManager.swift; sourceTree = "<group>"; };
		FD214D2A1312129925D5096C /* WorkspaceSearchView.swift */ = {isa = PBXFileReference; lastKnownFileType = sourcecode.swift; path = WorkspaceSearchView.swift; sourceTree = "<group>"; };
/* End PBXFileReference section */

/* Begin PBXGroup section */
		E1000000A922B2F06EF834AD /* WorkspaceIndexKit */ = {
			isa = PBXGroup;
			children = (
				E1020000A922B2F06EF834AD /* README.md */,
				E1020005A922B2F06EF834AD /* Package.swift */,
				E1020001A922B2F06EF834AD /* WorkspaceIndexModels.swift */,
				E1020002A922B2F06EF834AD /* WorkspaceSearch.swift */,
				E1020003A922B2F06EF834AD /* QuickOpenMatcher.swift */,
				E1020004A922B2F06EF834AD /* FileWatcherService.swift */,
			);
			path = Packages/WorkspaceIndexKit/Sources/WorkspaceIndexKit;
			sourceTree = "<group>";
		};
		E2000000A922B2F06EF834AD /* TerminalCoreKit */ = {
			isa = PBXGroup;
			children = (
				E2020000A922B2F06EF834AD /* README.md */,
				E2020005A922B2F06EF834AD /* Package.swift */,
				E2020001A922B2F06EF834AD /* TerminalProtocols.swift */,
				E2020002A922B2F06EF834AD /* TerminalSession.swift */,
			);
			path = Packages/TerminalCoreKit/Sources/TerminalCoreKit;
			sourceTree = "<group>";
		};
		00BE4F6E0B545B2C434D5286 /* Services */ = {
			isa = PBXGroup;
			children = (
				B1010003A922B2F06EF834AD /* SyntaxCheckService.swift */,
				B1010004A922B2F06EF834AD /* CodeCompletionService.swift */,
				B1010005A922B2F06EF834AD /* SuggestionOverlayController.swift */,
			);
			path = Services;
			sourceTree = "<group>";
		};
		0B7F7A3C3F4DA242CEF626E0 /* Models */ = {
			isa = PBXGroup;
			children = (
				6052BD8029E5C5686780E276 /* EditorDocument.swift */,
				39D36B8757FCD6E258124A17 /* EditorSmartEditing.swift */,
				48D8E08B9D3380DF5FEF51D2 /* WorkspaceModel.swift */,
				F9EEEE206A75557B9C6E93B6 /* WorkspaceModel+Search.swift */,
			);
			path = Models;
			sourceTree = "<group>";
		};
		1C38DC2F405F2DFE6A7EA57C /* Views */ = {
			isa = PBXGroup;
			children = (
				C9C767C9339F05FD8B88FF4D /* AgentPanelView.swift */,
				431906205771AD178AFE3D62 /* CodeEditorView.swift */,
				8C72D31622D2C578313E4592 /* ContentView.swift */,
				1BD7FA7D88687B1494C4B3D0 /* EditorWorkspaceView.swift */,
				2C6F410620414229ED11ECD0 /* GitChangesView.swift */,
				838061E9A81A90C22BBD98D3 /* QuickOpenView.swift */,
				F19EA110FDE9DCE79DB3D1D8 /* SidebarView.swift */,
				B1010002A922B2F06EF834AD /* SettingsView.swift */,
				B1010006A922B2F06EF834AD /* ShortcutCheatSheetView.swift */,
				95C30C09271F19837D613065 /* StatusBarView.swift */,
				06E3E5E96609BAC7EC257FA5 /* TerminalView.swift */,
				FD214D2A1312129925D5096C /* WorkspaceSearchView.swift */,
				988FB931D37AB17FC291259C /* WorkspaceToolbar.swift */,
			);
			path = Views;
			sourceTree = "<group>";
		};
		30390F671062B2144A553B1D = {
			isa = PBXGroup;
			children = (
				CD2CDD9EA4C99B0494CB364A /* RollCode */,
				C40FF0B39E5B53C368FF6902 /* RollCodeTests */,
				C1010005A922B2F06EF834AD /* Packages */,
				C7B6CB3D0685FBC310777B78 /* Products */,
			);
			sourceTree = "<group>";
		};
		C1010005A922B2F06EF834AD /* Packages */ = {
			isa = PBXGroup;
			children = (
				E1000000A922B2F06EF834AD /* WorkspaceIndexKit */,
				E2000000A922B2F06EF834AD /* TerminalCoreKit */,
				C40100FFA922B2F06EF834AD /* AIAgentKit */,
				C2010005A922B2F06EF834AD /* GitBridgeKit */,
				C3010009A922B2F06EF834AD /* LSPClientKit */,
			);
			sourceTree = "<group>";
		};
		C2010005A922B2F06EF834AD /* GitBridgeKit */ = {
			isa = PBXGroup;
			children = (
				D0020001A922B2F06EF834AD /* README.md */,
				D0020002A922B2F06EF834AD /* Package.swift */,
				C2010001A922B2F06EF834AD /* GitBridgeModels.swift */,
				C2010002A922B2F06EF834AD /* GitBridgeClient.swift */,
			);
			path = Packages/GitBridgeKit/Sources/GitBridgeKit;
			sourceTree = "<group>";
		};
		C3010009A922B2F06EF834AD /* LSPClientKit */ = {
			isa = PBXGroup;
			children = (
				D0030001A922B2F06EF834AD /* README.md */,
				D0030002A922B2F06EF834AD /* Package.swift */,
				C3010001A922B2F06EF834AD /* LSPModels.swift */,
				C3010002A922B2F06EF834AD /* LSPServerConfig.swift */,
				C3010003A922B2F06EF834AD /* LSPClient.swift */,
				C3010004A922B2F06EF834AD /* LSPClientManager.swift */,
			);
			path = Packages/LSPClientKit/Sources/LSPClientKit;
			sourceTree = "<group>";
		};
		6B6C74CEFBD0CCE922D99C91 /* App */ = {
			isa = PBXGroup;
			children = (
				B2F8771B99C9BA40F3DC618D /* RollCodeApp.swift */,
			);
			path = App;
			sourceTree = "<group>";
		};
		A6C62E6A62DF2ECCA9D20ECC /* Resources */ = {
			isa = PBXGroup;
			children = (
				8650E1550FF5B564D5154EF5 /* Assets.xcassets */,
				D280C8447EC335A6A3B32529 /* Info.plist */,
			);
			path = Resources;
			sourceTree = "<group>";
		};
		C40FF0B39E5B53C368FF6902 /* RollCodeTests */ = {
			isa = PBXGroup;
			children = (
				1F8C2201CCD6286378E4D647 /* RollCodeTests.swift */,
			);
			path = RollCodeTests;
			sourceTree = "<group>";
		};
		C7B6CB3D0685FBC310777B78 /* Products */ = {
			isa = PBXGroup;
			children = (
				A53F3A5C117C4C95F12CACBD /* RollCode.app */,
				97AD5646F48C77219D92C517 /* RollCodeTests.xctest */,
			);
			name = Products;
			sourceTree = "<group>";
		};
		CD2CDD9EA4C99B0494CB364A /* RollCode */ = {
			isa = PBXGroup;
			children = (
				6B6C74CEFBD0CCE922D99C91 /* App */,
				0B7F7A3C3F4DA242CEF626E0 /* Models */,
				A6C62E6A62DF2ECCA9D20ECC /* Resources */,
				00BE4F6E0B545B2C434D5286 /* Services */,
				1C38DC2F405F2DFE6A7EA57C /* Views */,
			);
			path = RollCode;
			sourceTree = "<group>";
		};
		C40100FFA922B2F06EF834AD /* AIAgentKit */ = {
			isa = PBXGroup;
			children = (
				D0010001A922B2F06EF834AD /* README.md */,
				D0010002A922B2F06EF834AD /* Package.swift */,
				C4010088A922B2F06EF834AD /* URL+RelativePath.swift */,
				C4010000A922B2F06EF834AD /* AgentMessageRowView.swift */,
				C4010001A922B2F06EF834AD /* AgentModels.swift */,
				C4010002A922B2F06EF834AD /* AgentSession.swift */,
				C4010003A922B2F06EF834AD /* CodexAppServerClient.swift */,
				C4010004A922B2F06EF834AD /* CodexAppServerService.swift */,
				C4010005A922B2F06EF834AD /* CodexAuthService.swift */,
				C4010006A922B2F06EF834AD /* CodexEventParser.swift */,
				C4010007A922B2F06EF834AD /* CodexModels.swift */,
				C4010008A922B2F06EF834AD /* GeminiAuthService.swift */,
				C4010009A922B2F06EF834AD /* GeminiExecutableLocator.swift */,
				C4010010A922B2F06EF834AD /* MarkdownBlocks.swift */,
				C4010011A922B2F06EF834AD /* ModelCatalogService.swift */,
				C4010012A922B2F06EF834AD /* PromptInputBar.swift */,
			);
			path = Packages/AIAgentKit/Sources/AIAgentKit;
			sourceTree = "<group>";
		};
/* End PBXGroup section */

/* Begin PBXNativeTarget section */
		0130AA5B136A4F5AC56ACE81 /* RollCode */ = {
			isa = PBXNativeTarget;
			buildConfigurationList = 83F5ED22D474D639FDCDF89B /* Build configuration list for PBXNativeTarget "RollCode" */;
			buildPhases = (
				EE7930298DDAA249A23D02D1 /* Sources */,
				8C520F979E8A3BD26518EFB5 /* Resources */,
			);
			buildRules = (
			);
			dependencies = (
			);
			name = RollCode;
			packageProductDependencies = (
			);
			productName = RollCode;
			productReference = A53F3A5C117C4C95F12CACBD /* RollCode.app */;
			productType = "com.apple.product-type.application";
		};
		54CF02C9D8A41936662C4238 /* RollCodeTests */ = {
			isa = PBXNativeTarget;
			buildConfigurationList = 714B78387D631ABC336B7C6C /* Build configuration list for PBXNativeTarget "RollCodeTests" */;
			buildPhases = (
				BB888A1C4F67C7C5ED2124D7 /* Sources */,
			);
			buildRules = (
			);
			dependencies = (
				74F0A385ABCDE8EAB7395375 /* PBXTargetDependency */,
			);
			name = RollCodeTests;
			packageProductDependencies = (
			);
			productName = RollCodeTests;
			productReference = 97AD5646F48C77219D92C517 /* RollCodeTests.xctest */;
			productType = "com.apple.product-type.bundle.unit-test";
		};
/* End PBXNativeTarget section */

/* Begin PBXProject section */
		9EFD5EF15A8494AB690413B7 /* Project object */ = {
			isa = PBXProject;
			attributes = {
				BuildIndependentTargetsInParallel = YES;
				LastUpgradeCheck = 1430;
				TargetAttributes = {
					0130AA5B136A4F5AC56ACE81 = {
						ProvisioningStyle = Automatic;
					};
					54CF02C9D8A41936662C4238 = {
						ProvisioningStyle = Automatic;
					};
				};
			};
			buildConfigurationList = 5A5AA8008D10764A185BF25E /* Build configuration list for PBXProject "RollCode" */;
			developmentRegion = en;
			hasScannedForEncodings = 0;
			knownRegions = (
				Base,
				en,
			);
			mainGroup = 30390F671062B2144A553B1D;
			minimizedProjectReferenceProxies = 1;
			preferredProjectObjectVersion = 77;
			productRefGroup = C7B6CB3D0685FBC310777B78 /* Products */;
			projectDirPath = "";
			projectRoot = "";
			targets = (
				0130AA5B136A4F5AC56ACE81 /* RollCode */,
				54CF02C9D8A41936662C4238 /* RollCodeTests */,
			);
		};
/* End PBXProject section */

/* Begin PBXResourcesBuildPhase section */
		8C520F979E8A3BD26518EFB5 /* Resources */ = {
			isa = PBXResourcesBuildPhase;
			buildActionMask = 2147483647;
			files = (
				2DDB137832AEE3A1B86BA30A /* Assets.xcassets in Resources */,
			);
			runOnlyForDeploymentPostprocessing = 0;
		};
/* End PBXResourcesBuildPhase section */

/* Begin PBXSourcesBuildPhase section */
		BB888A1C4F67C7C5ED2124D7 /* Sources */ = {
			isa = PBXSourcesBuildPhase;
			buildActionMask = 2147483647;
			files = (
				EB01FC710A9944AF50ECC29B /* RollCodeTests.swift in Sources */,
			);
			runOnlyForDeploymentPostprocessing = 0;
		};
		EE7930298DDAA249A23D02D1 /* Sources */ = {
			isa = PBXSourcesBuildPhase;
			buildActionMask = 2147483647;
			files = (
				E1010001A922B2F06EF834AD /* WorkspaceIndexModels.swift in Sources */,
				E1010002A922B2F06EF834AD /* WorkspaceSearch.swift in Sources */,
				E1010003A922B2F06EF834AD /* QuickOpenMatcher.swift in Sources */,
				E1010004A922B2F06EF834AD /* FileWatcherService.swift in Sources */,
				E2010001A922B2F06EF834AD /* TerminalProtocols.swift in Sources */,
				E2010002A922B2F06EF834AD /* TerminalSession.swift in Sources */,
				C4020088A922B2F06EF834AD /* URL+RelativePath.swift in Sources */,
				C4020000A922B2F06EF834AD /* AgentMessageRowView.swift in Sources */,
				C4020001A922B2F06EF834AD /* AgentModels.swift in Sources */,
				C4020002A922B2F06EF834AD /* AgentSession.swift in Sources */,
				C4020003A922B2F06EF834AD /* CodexAppServerClient.swift in Sources */,
				C4020004A922B2F06EF834AD /* CodexAppServerService.swift in Sources */,
				C4020005A922B2F06EF834AD /* CodexAuthService.swift in Sources */,
				C4020006A922B2F06EF834AD /* CodexEventParser.swift in Sources */,
				C4020007A922B2F06EF834AD /* CodexModels.swift in Sources */,
				C4020008A922B2F06EF834AD /* GeminiAuthService.swift in Sources */,
				C4020009A922B2F06EF834AD /* GeminiExecutableLocator.swift in Sources */,
				C4020010A922B2F06EF834AD /* MarkdownBlocks.swift in Sources */,
				C4020011A922B2F06EF834AD /* ModelCatalogService.swift in Sources */,
				C4020012A922B2F06EF834AD /* PromptInputBar.swift in Sources */,
				C2010003A922B2F06EF834AD /* GitBridgeModels.swift in Sources */,
				C2010004A922B2F06EF834AD /* GitBridgeClient.swift in Sources */,
				C3010005A922B2F06EF834AD /* LSPModels.swift in Sources */,
				C3010006A922B2F06EF834AD /* LSPServerConfig.swift in Sources */,
				C3010007A922B2F06EF834AD /* LSPClient.swift in Sources */,
				C3010008A922B2F06EF834AD /* LSPClientManager.swift in Sources */,
				ABFEB9698D7F1107FCCE094A /* AgentPanelView.swift in Sources */,
				D59906FAAE255735531190E5 /* CodeEditorView.swift in Sources */,
				A10100032DBC1CD7BB090EE2 /* SyntaxCheckService.swift in Sources */,
				A10100042DBC1CD7BB090EE2 /* CodeCompletionService.swift in Sources */,
				A10100052DBC1CD7BB090EE2 /* SuggestionOverlayController.swift in Sources */,
				A10100022DBC1CD7BB090EE2 /* SettingsView.swift in Sources */,
				A10100062DBC1CD7BB090EE2 /* ShortcutCheatSheetView.swift in Sources */,
				58E50C1CFBA9F0F95EB8BDC5 /* ContentView.swift in Sources */,
				236857F5CF1898DC2CC54FD8 /* EditorDocument.swift in Sources */,
				F6E0EA9CBF792581BEBD500C /* EditorSmartEditing.swift in Sources */,
				D14EDE2AF7E1C44A04148482 /* EditorWorkspaceView.swift in Sources */,
				8DBD4209F7CCD35BF417AE85 /* GitChangesView.swift in Sources */,
				41DA4DA7784C1173E4636615 /* QuickOpenView.swift in Sources */,
				34D92B120E17117437B4C83A /* RollCodeApp.swift in Sources */,
				DE6BF8C0C0BCACF4BB84013E /* SidebarView.swift in Sources */,
				8C902C37A357B6D62BDE498A /* StatusBarView.swift in Sources */,
				1A8C632D8AAD6BADE387FD84 /* TerminalView.swift in Sources */,
				5C96E77FF30CF39E08441593 /* WorkspaceModel+Search.swift in Sources */,
				BA0A6FF1AC63E894958177DE /* WorkspaceModel.swift in Sources */,
				3208B22FFEDE7B5AF7079A76 /* WorkspaceSearchView.swift in Sources */,
				EB4E46972CC51A25E72AF525 /* WorkspaceToolbar.swift in Sources */,
			);
			runOnlyForDeploymentPostprocessing = 0;
		};
/* End PBXSourcesBuildPhase section */

/* Begin PBXTargetDependency section */
		74F0A385ABCDE8EAB7395375 /* PBXTargetDependency */ = {
			isa = PBXTargetDependency;
			target = 0130AA5B136A4F5AC56ACE81 /* RollCode */;
			targetProxy = 67F52093D81046510E8BFCE6 /* PBXContainerItemProxy */;
		};
/* End PBXTargetDependency section */

/* Begin XCBuildConfiguration section */
		08D107183CA05B0DFDC14372 /* Release */ = {
			isa = XCBuildConfiguration;
			buildSettings = {
				ALWAYS_SEARCH_USER_PATHS = NO;
				CLANG_ANALYZER_NONNULL = YES;
				CLANG_ANALYZER_NUMBER_OBJECT_CONVERSION = YES_AGGRESSIVE;
				CLANG_CXX_LANGUAGE_STANDARD = "gnu++14";
				CLANG_CXX_LIBRARY = "libc++";
				CLANG_ENABLE_MODULES = YES;
				CLANG_ENABLE_OBJC_ARC = YES;
				CLANG_ENABLE_OBJC_WEAK = YES;
				CLANG_WARN_BLOCK_CAPTURE_AUTORELEASING = YES;
				CLANG_WARN_BOOL_CONVERSION = YES;
				CLANG_WARN_COMMA = YES;
				CLANG_WARN_CONSTANT_CONVERSION = YES;
				CLANG_WARN_DEPRECATED_OBJC_IMPLEMENTATIONS = YES;
				CLANG_WARN_DIRECT_OBJC_ISA_USAGE = YES_ERROR;
				CLANG_WARN_DOCUMENTATION_COMMENTS = YES;
				CLANG_WARN_EMPTY_BODY = YES;
				CLANG_WARN_ENUM_CONVERSION = YES;
				CLANG_WARN_INFINITE_RECURSION = YES;
				CLANG_WARN_INT_CONVERSION = YES;
				CLANG_WARN_NON_LITERAL_NULL_CONVERSION = YES;
				CLANG_WARN_OBJC_IMPLICIT_RETAIN_SELF = YES;
				CLANG_WARN_OBJC_LITERAL_CONVERSION = YES;
				CLANG_WARN_OBJC_ROOT_CLASS = YES_ERROR;
				CLANG_WARN_QUOTED_INCLUDE_IN_FRAMEWORK_HEADER = YES;
				CLANG_WARN_RANGE_LOOP_ANALYSIS = YES;
				CLANG_WARN_STRICT_PROTOTYPES = YES;
				CLANG_WARN_SUSPICIOUS_MOVE = YES;
				CLANG_WARN_UNGUARDED_AVAILABILITY = YES_AGGRESSIVE;
				CLANG_WARN_UNREACHABLE_CODE = YES;
				CLANG_WARN__DUPLICATE_METHOD_MATCH = YES;
				CODE_SIGN_STYLE = Automatic;
				COPY_PHASE_STRIP = NO;
				CURRENT_PROJECT_VERSION = 1;
				DEBUG_INFORMATION_FORMAT = "dwarf-with-dsym";
				ENABLE_NS_ASSERTIONS = NO;
				ENABLE_STRICT_OBJC_MSGSEND = YES;
				GCC_C_LANGUAGE_STANDARD = gnu11;
				GCC_NO_COMMON_BLOCKS = YES;
				GCC_WARN_64_TO_32_BIT_CONVERSION = YES;
				GCC_WARN_ABOUT_RETURN_TYPE = YES_ERROR;
				GCC_WARN_UNDECLARED_SELECTOR = YES;
				GCC_WARN_UNINITIALIZED_AUTOS = YES_AGGRESSIVE;
				GCC_WARN_UNUSED_FUNCTION = YES;
				GCC_WARN_UNUSED_VARIABLE = YES;
				MACOSX_DEPLOYMENT_TARGET = 26.0;
				MARKETING_VERSION = 0.1.0;
				MTL_ENABLE_DEBUG_INFO = NO;
				MTL_FAST_MATH = YES;
				PRODUCT_NAME = "$(TARGET_NAME)";
				SDKROOT = macosx;
				SWIFT_COMPILATION_MODE = wholemodule;
				SWIFT_OPTIMIZATION_LEVEL = "-O";
				SWIFT_VERSION = 6.0;
			};
			name = Release;
		};
		5C93EC79D7A0DC8B6814304A /* Release */ = {
			isa = XCBuildConfiguration;
			buildSettings = {
				ASSETCATALOG_COMPILER_APPICON_NAME = AppIcon;
				COMBINE_HIDPI_IMAGES = YES;
				ENABLE_APP_SANDBOX = NO;
				GENERATE_INFOPLIST_FILE = NO;
				INFOPLIST_FILE = RollCode/Resources/Info.plist;
				LD_RUNPATH_SEARCH_PATHS = (
					"$(inherited)",
					"@executable_path/../Frameworks",
				);
				PRODUCT_BUNDLE_IDENTIFIER = com.rollprojects.RollCode;
				PRODUCT_NAME = RollCode;
				SDKROOT = macosx;
			};
			name = Release;
		};
		5F06643EFCDDC5FBE286DCAE /* Release */ = {
			isa = XCBuildConfiguration;
			buildSettings = {
				BUNDLE_LOADER = "$(TEST_HOST)";
				COMBINE_HIDPI_IMAGES = YES;
				GENERATE_INFOPLIST_FILE = YES;
				LD_RUNPATH_SEARCH_PATHS = (
					"$(inherited)",
					"@executable_path/../Frameworks",
					"@loader_path/../Frameworks",
				);
				PRODUCT_BUNDLE_IDENTIFIER = com.rollprojects.RollCodeTests;
				SDKROOT = macosx;
				TEST_HOST = "$(BUILT_PRODUCTS_DIR)/RollCode.app/Contents/MacOS/RollCode";
			};
			name = Release;
		};
		6FB76803DED1A53C958B6B74 /* Debug */ = {
			isa = XCBuildConfiguration;
			buildSettings = {
				BUNDLE_LOADER = "$(TEST_HOST)";
				COMBINE_HIDPI_IMAGES = YES;
				GENERATE_INFOPLIST_FILE = YES;
				LD_RUNPATH_SEARCH_PATHS = (
					"$(inherited)",
					"@executable_path/../Frameworks",
					"@loader_path/../Frameworks",
				);
				PRODUCT_BUNDLE_IDENTIFIER = com.rollprojects.RollCodeTests;
				SDKROOT = macosx;
				TEST_HOST = "$(BUILT_PRODUCTS_DIR)/RollCode.app/Contents/MacOS/RollCode";
			};
			name = Debug;
		};
		810D82D7BF0426F7BB67F5F2 /* Debug */ = {
			isa = XCBuildConfiguration;
			buildSettings = {
				ALWAYS_SEARCH_USER_PATHS = NO;
				CLANG_ANALYZER_NONNULL = YES;
				CLANG_ANALYZER_NUMBER_OBJECT_CONVERSION = YES_AGGRESSIVE;
				CLANG_CXX_LANGUAGE_STANDARD = "gnu++14";
				CLANG_CXX_LIBRARY = "libc++";
				CLANG_ENABLE_MODULES = YES;
				CLANG_ENABLE_OBJC_ARC = YES;
				CLANG_ENABLE_OBJC_WEAK = YES;
				CLANG_WARN_BLOCK_CAPTURE_AUTORELEASING = YES;
				CLANG_WARN_BOOL_CONVERSION = YES;
				CLANG_WARN_COMMA = YES;
				CLANG_WARN_CONSTANT_CONVERSION = YES;
				CLANG_WARN_DEPRECATED_OBJC_IMPLEMENTATIONS = YES;
				CLANG_WARN_DIRECT_OBJC_ISA_USAGE = YES_ERROR;
				CLANG_WARN_DOCUMENTATION_COMMENTS = YES;
				CLANG_WARN_EMPTY_BODY = YES;
				CLANG_WARN_ENUM_CONVERSION = YES;
				CLANG_WARN_INFINITE_RECURSION = YES;
				CLANG_WARN_INT_CONVERSION = YES;
				CLANG_WARN_NON_LITERAL_NULL_CONVERSION = YES;
				CLANG_WARN_OBJC_IMPLICIT_RETAIN_SELF = YES;
				CLANG_WARN_OBJC_LITERAL_CONVERSION = YES;
				CLANG_WARN_OBJC_ROOT_CLASS = YES_ERROR;
				CLANG_WARN_QUOTED_INCLUDE_IN_FRAMEWORK_HEADER = YES;
				CLANG_WARN_RANGE_LOOP_ANALYSIS = YES;
				CLANG_WARN_STRICT_PROTOTYPES = YES;
				CLANG_WARN_SUSPICIOUS_MOVE = YES;
				CLANG_WARN_UNGUARDED_AVAILABILITY = YES_AGGRESSIVE;
				CLANG_WARN_UNREACHABLE_CODE = YES;
				CLANG_WARN__DUPLICATE_METHOD_MATCH = YES;
				CODE_SIGN_STYLE = Automatic;
				COPY_PHASE_STRIP = NO;
				CURRENT_PROJECT_VERSION = 1;
				DEBUG_INFORMATION_FORMAT = dwarf;
				ENABLE_STRICT_OBJC_MSGSEND = YES;
				ENABLE_TESTABILITY = YES;
				GCC_C_LANGUAGE_STANDARD = gnu11;
				GCC_DYNAMIC_NO_PIC = NO;
				GCC_NO_COMMON_BLOCKS = YES;
				GCC_OPTIMIZATION_LEVEL = 0;
				GCC_PREPROCESSOR_DEFINITIONS = (
					"$(inherited)",
					"DEBUG=1",
				);
				GCC_WARN_64_TO_32_BIT_CONVERSION = YES;
				GCC_WARN_ABOUT_RETURN_TYPE = YES_ERROR;
				GCC_WARN_UNDECLARED_SELECTOR = YES;
				GCC_WARN_UNINITIALIZED_AUTOS = YES_AGGRESSIVE;
				GCC_WARN_UNUSED_FUNCTION = YES;
				GCC_WARN_UNUSED_VARIABLE = YES;
				MACOSX_DEPLOYMENT_TARGET = 26.0;
				MARKETING_VERSION = 0.1.0;
				MTL_ENABLE_DEBUG_INFO = INCLUDE_SOURCE;
				MTL_FAST_MATH = YES;
				ONLY_ACTIVE_ARCH = YES;
				PRODUCT_NAME = "$(TARGET_NAME)";
				SDKROOT = macosx;
				SWIFT_ACTIVE_COMPILATION_CONDITIONS = DEBUG;
				SWIFT_OPTIMIZATION_LEVEL = "-Onone";
				SWIFT_VERSION = 6.0;
			};
			name = Debug;
		};
		96E345A0AD988F9F492B5EC3 /* Debug */ = {
			isa = XCBuildConfiguration;
			buildSettings = {
				ASSETCATALOG_COMPILER_APPICON_NAME = AppIcon;
				COMBINE_HIDPI_IMAGES = YES;
				ENABLE_APP_SANDBOX = NO;
				GENERATE_INFOPLIST_FILE = NO;
				INFOPLIST_FILE = RollCode/Resources/Info.plist;
				LD_RUNPATH_SEARCH_PATHS = (
					"$(inherited)",
					"@executable_path/../Frameworks",
				);
				PRODUCT_BUNDLE_IDENTIFIER = com.rollprojects.RollCode;
				PRODUCT_NAME = RollCode;
				SDKROOT = macosx;
			};
			name = Debug;
		};
/* End XCBuildConfiguration section */

/* Begin XCConfigurationList section */
		5A5AA8008D10764A185BF25E /* Build configuration list for PBXProject "RollCode" */ = {
			isa = XCConfigurationList;
			buildConfigurations = (
				810D82D7BF0426F7BB67F5F2 /* Debug */,
				08D107183CA05B0DFDC14372 /* Release */,
			);
			defaultConfigurationIsVisible = 0;
			defaultConfigurationName = Debug;
		};
		714B78387D631ABC336B7C6C /* Build configuration list for PBXNativeTarget "RollCodeTests" */ = {
			isa = XCConfigurationList;
			buildConfigurations = (
				6FB76803DED1A53C958B6B74 /* Debug */,
				5F06643EFCDDC5FBE286DCAE /* Release */,
			);
			defaultConfigurationIsVisible = 0;
			defaultConfigurationName = Debug;
		};
		83F5ED22D474D639FDCDF89B /* Build configuration list for PBXNativeTarget "RollCode" */ = {
			isa = XCConfigurationList;
			buildConfigurations = (
				96E345A0AD988F9F492B5EC3 /* Debug */,
				5C93EC79D7A0DC8B6814304A /* Release */,
			);
			defaultConfigurationIsVisible = 0;
			defaultConfigurationName = Debug;
		};
/* End XCConfigurationList section */
	};
	rootObject = 9EFD5EF15A8494AB690413B7 /* Project object */;
}
