// !$*UTF8*$!
{
	archiveVersion = 1;
	classes = {
	};
	objectVersion = 77;
	objects = {

/* Begin PBXBuildFile section */
		1464840D23149E96B3BD5F4F /* FileNode.swift in Sources */ = {isa = PBXBuildFile; fileRef = 328A8D80C05DF42F6C69D982 /* FileNode.swift */; };
		1A8C632D8AAD6BADE387FD84 /* TerminalView.swift in Sources */ = {isa = PBXBuildFile; fileRef = 06E3E5E96609BAC7EC257FA5 /* TerminalView.swift */; };
		236857F5CF1898DC2CC54FD8 /* EditorDocument.swift in Sources */ = {isa = PBXBuildFile; fileRef = 6052BD8029E5C5686780E276 /* EditorDocument.swift */; };
		34D92B120E17117437B4C83A /* RollCodeApp.swift in Sources */ = {isa = PBXBuildFile; fileRef = B2F8771B99C9BA40F3DC618D /* RollCodeApp.swift */; };
		58E50C1CFBA9F0F95EB8BDC5 /* ContentView.swift in Sources */ = {isa = PBXBuildFile; fileRef = 8C72D31622D2C578313E4592 /* ContentView.swift */; };
		8C902C37A357B6D62BDE498A /* StatusBarView.swift in Sources */ = {isa = PBXBuildFile; fileRef = 95C30C09271F19837D613065 /* StatusBarView.swift */; };
		BA0A6FF1AC63E894958177DE /* WorkspaceModel.swift in Sources */ = {isa = PBXBuildFile; fileRef = 48D8E08B9D3380DF5FEF51D2 /* WorkspaceModel.swift */; };
		D14EDE2AF7E1C44A04148482 /* EditorWorkspaceView.swift in Sources */ = {isa = PBXBuildFile; fileRef = 1BD7FA7D88687B1494C4B3D0 /* EditorWorkspaceView.swift */; };
		D59906FAAE255735531190E5 /* CodeEditorView.swift in Sources */ = {isa = PBXBuildFile; fileRef = 431906205771AD178AFE3D62 /* CodeEditorView.swift */; };
		DE6BF8C0C0BCACF4BB84013E /* SidebarView.swift in Sources */ = {isa = PBXBuildFile; fileRef = F19EA110FDE9DCE79DB3D1D8 /* SidebarView.swift */; };
		E9D3DE8C6724FE8BE147974F /* TerminalSession.swift in Sources */ = {isa = PBXBuildFile; fileRef = EE1CBC30691ED77150C53A0C /* TerminalSession.swift */; };
		EB01FC710A9944AF50ECC29B /* RollCodeTests.swift in Sources */ = {isa = PBXBuildFile; fileRef = 1F8C2201CCD6286378E4D647 /* RollCodeTests.swift */; };
		EB4E46972CC51A25E72AF525 /* WorkspaceToolbar.swift in Sources */ = {isa = PBXBuildFile; fileRef = 988FB931D37AB17FC291259C /* WorkspaceToolbar.swift */; };
/* End PBXBuildFile section */

/* Begin PBXContainerItemProxy section */
		67F52093D81046510E8BFCE6 /* PBXContainerItemProxy */ = {
			isa = PBXContainerItemProxy;
			containerPortal = 9EFD5EF15A8494AB690413B7 /* Project object */;
			proxyType = 1;
			remoteGlobalIDString = 0130AA5B136A4F5AC56ACE81;
			remoteInfo = RollCode;
		};
/* End PBXContainerItemProxy section */

/* Begin PBXFileReference section */
		06E3E5E96609BAC7EC257FA5 /* TerminalView.swift */ = {isa = PBXFileReference; lastKnownFileType = sourcecode.swift; path = TerminalView.swift; sourceTree = "<group>"; };
		1BD7FA7D88687B1494C4B3D0 /* EditorWorkspaceView.swift */ = {isa = PBXFileReference; lastKnownFileType = sourcecode.swift; path = EditorWorkspaceView.swift; sourceTree = "<group>"; };
		1F8C2201CCD6286378E4D647 /* RollCodeTests.swift */ = {isa = PBXFileReference; lastKnownFileType = sourcecode.swift; path = RollCodeTests.swift; sourceTree = "<group>"; };
		328A8D80C05DF42F6C69D982 /* FileNode.swift */ = {isa = PBXFileReference; lastKnownFileType = sourcecode.swift; path = FileNode.swift; sourceTree = "<group>"; };
		431906205771AD178AFE3D62 /* CodeEditorView.swift */ = {isa = PBXFileReference; lastKnownFileType = sourcecode.swift; path = CodeEditorView.swift; sourceTree = "<group>"; };
		48D8E08B9D3380DF5FEF51D2 /* WorkspaceModel.swift */ = {isa = PBXFileReference; lastKnownFileType = sourcecode.swift; path = WorkspaceModel.swift; sourceTree = "<group>"; };
		6052BD8029E5C5686780E276 /* EditorDocument.swift */ = {isa = PBXFileReference; lastKnownFileType = sourcecode.swift; path = EditorDocument.swift; sourceTree = "<group>"; };
		8C72D31622D2C578313E4592 /* ContentView.swift */ = {isa = PBXFileReference; lastKnownFileType = sourcecode.swift; path = ContentView.swift; sourceTree = "<group>"; };
		95C30C09271F19837D613065 /* StatusBarView.swift */ = {isa = PBXFileReference; lastKnownFileType = sourcecode.swift; path = StatusBarView.swift; sourceTree = "<group>"; };
		97AD5646F48C77219D92C517 /* RollCodeTests.xctest */ = {isa = PBXFileReference; explicitFileType = wrapper.cfbundle; includeInIndex = 0; path = RollCodeTests.xctest; sourceTree = BUILT_PRODUCTS_DIR; };
		988FB931D37AB17FC291259C /* WorkspaceToolbar.swift */ = {isa = PBXFileReference; lastKnownFileType = sourcecode.swift; path = WorkspaceToolbar.swift; sourceTree = "<group>"; };
		A53F3A5C117C4C95F12CACBD /* RollCode.app */ = {isa = PBXFileReference; explicitFileType = wrapper.application; includeInIndex = 0; path = RollCode.app; sourceTree = BUILT_PRODUCTS_DIR; };
		B2F8771B99C9BA40F3DC618D /* RollCodeApp.swift */ = {isa = PBXFileReference; lastKnownFileType = sourcecode.swift; path = RollCodeApp.swift; sourceTree = "<group>"; };
		D280C8447EC335A6A3B32529 /* Info.plist */ = {isa = PBXFileReference; lastKnownFileType = text.plist; path = Info.plist; sourceTree = "<group>"; };
		EE1CBC30691ED77150C53A0C /* TerminalSession.swift */ = {isa = PBXFileReference; lastKnownFileType = sourcecode.swift; path = TerminalSession.swift; sourceTree = "<group>"; };
		F19EA110FDE9DCE79DB3D1D8 /* SidebarView.swift */ = {isa = PBXFileReference; lastKnownFileType = sourcecode.swift; path = SidebarView.swift; sourceTree = "<group>"; };
/* End PBXFileReference section */

/* Begin PBXGroup section */
		00BE4F6E0B545B2C434D5286 /* Services */ = {
			isa = PBXGroup;
			children = (
				EE1CBC30691ED77150C53A0C /* TerminalSession.swift */,
			);
			path = Services;
			sourceTree = "<group>";
		};
		0B7F7A3C3F4DA242CEF626E0 /* Models */ = {
			isa = PBXGroup;
			children = (
				6052BD8029E5C5686780E276 /* EditorDocument.swift */,
				328A8D80C05DF42F6C69D982 /* FileNode.swift */,
				48D8E08B9D3380DF5FEF51D2 /* WorkspaceModel.swift */,
			);
			path = Models;
			sourceTree = "<group>";
		};
		1C38DC2F405F2DFE6A7EA57C /* Views */ = {
			isa = PBXGroup;
			children = (
				431906205771AD178AFE3D62 /* CodeEditorView.swift */,
				8C72D31622D2C578313E4592 /* ContentView.swift */,
				1BD7FA7D88687B1494C4B3D0 /* EditorWorkspaceView.swift */,
				F19EA110FDE9DCE79DB3D1D8 /* SidebarView.swift */,
				95C30C09271F19837D613065 /* StatusBarView.swift */,
				06E3E5E96609BAC7EC257FA5 /* TerminalView.swift */,
				988FB931D37AB17FC291259C /* WorkspaceToolbar.swift */,
			);
			path = Views;
			sourceTree = "<group>";
		};
		30390F671062B2144A553B1D = {
			isa = PBXGroup;
			children = (
				CD2CDD9EA4C99B0494CB364A /* RollCode */,
				C40FF0B39E5B53C368FF6902 /* RollCodeTests */,
				C7B6CB3D0685FBC310777B78 /* Products */,
			);
			sourceTree = "<group>";
		};
		6B6C74CEFBD0CCE922D99C91 /* App */ = {
			isa = PBXGroup;
			children = (
				B2F8771B99C9BA40F3DC618D /* RollCodeApp.swift */,
			);
			path = App;
			sourceTree = "<group>";
		};
		A6C62E6A62DF2ECCA9D20ECC /* Resources */ = {
			isa = PBXGroup;
			children = (
				D280C8447EC335A6A3B32529 /* Info.plist */,
			);
			path = Resources;
			sourceTree = "<group>";
		};
		C40FF0B39E5B53C368FF6902 /* RollCodeTests */ = {
			isa = PBXGroup;
			children = (
				1F8C2201CCD6286378E4D647 /* RollCodeTests.swift */,
			);
			path = RollCodeTests;
			sourceTree = "<group>";
		};
		C7B6CB3D0685FBC310777B78 /* Products */ = {
			isa = PBXGroup;
			children = (
				A53F3A5C117C4C95F12CACBD /* RollCode.app */,
				97AD5646F48C77219D92C517 /* RollCodeTests.xctest */,
			);
			name = Products;
			sourceTree = "<group>";
		};
		CD2CDD9EA4C99B0494CB364A /* RollCode */ = {
			isa = PBXGroup;
			children = (
				6B6C74CEFBD0CCE922D99C91 /* App */,
				0B7F7A3C3F4DA242CEF626E0 /* Models */,
				A6C62E6A62DF2ECCA9D20ECC /* Resources */,
				00BE4F6E0B545B2C434D5286 /* Services */,
				1C38DC2F405F2DFE6A7EA57C /* Views */,
			);
			path = RollCode;
			sourceTree = "<group>";
		};
/* End PBXGroup section */

/* Begin PBXNativeTarget section */
		0130AA5B136A4F5AC56ACE81 /* RollCode */ = {
			isa = PBXNativeTarget;
			buildConfigurationList = 83F5ED22D474D639FDCDF89B /* Build configuration list for PBXNativeTarget "RollCode" */;
			buildPhases = (
				EE7930298DDAA249A23D02D1 /* Sources */,
			);
			buildRules = (
			);
			dependencies = (
			);
			name = RollCode;
			packageProductDependencies = (
			);
			productName = RollCode;
			productReference = A53F3A5C117C4C95F12CACBD /* RollCode.app */;
			productType = "com.apple.product-type.application";
		};
		54CF02C9D8A41936662C4238 /* RollCodeTests */ = {
			isa = PBXNativeTarget;
			buildConfigurationList = 714B78387D631ABC336B7C6C /* Build configuration list for PBXNativeTarget "RollCodeTests" */;
			buildPhases = (
				BB888A1C4F67C7C5ED2124D7 /* Sources */,
			);
			buildRules = (
			);
			dependencies = (
				74F0A385ABCDE8EAB7395375 /* PBXTargetDependency */,
			);
			name = RollCodeTests;
			packageProductDependencies = (
			);
			productName = RollCodeTests;
			productReference = 97AD5646F48C77219D92C517 /* RollCodeTests.xctest */;
			productType = "com.apple.product-type.bundle.unit-test";
		};
/* End PBXNativeTarget section */

/* Begin PBXProject section */
		9EFD5EF15A8494AB690413B7 /* Project object */ = {
			isa = PBXProject;
			attributes = {
				BuildIndependentTargetsInParallel = YES;
				LastUpgradeCheck = 1430;
				TargetAttributes = {
					0130AA5B136A4F5AC56ACE81 = {
						ProvisioningStyle = Automatic;
					};
					54CF02C9D8A41936662C4238 = {
						ProvisioningStyle = Automatic;
					};
				};
			};
			buildConfigurationList = 5A5AA8008D10764A185BF25E /* Build configuration list for PBXProject "RollCode" */;
			developmentRegion = en;
			hasScannedForEncodings = 0;
			knownRegions = (
				Base,
				en,
			);
			mainGroup = 30390F671062B2144A553B1D;
			minimizedProjectReferenceProxies = 1;
			preferredProjectObjectVersion = 77;
			productRefGroup = C7B6CB3D0685FBC310777B78 /* Products */;
			projectDirPath = "";
			projectRoot = "";
			targets = (
				0130AA5B136A4F5AC56ACE81 /* RollCode */,
				54CF02C9D8A41936662C4238 /* RollCodeTests */,
			);
		};
/* End PBXProject section */

/* Begin PBXSourcesBuildPhase section */
		BB888A1C4F67C7C5ED2124D7 /* Sources */ = {
			isa = PBXSourcesBuildPhase;
			buildActionMask = 2147483647;
			files = (
				EB01FC710A9944AF50ECC29B /* RollCodeTests.swift in Sources */,
			);
			runOnlyForDeploymentPostprocessing = 0;
		};
		EE7930298DDAA249A23D02D1 /* Sources */ = {
			isa = PBXSourcesBuildPhase;
			buildActionMask = 2147483647;
			files = (
				D59906FAAE255735531190E5 /* CodeEditorView.swift in Sources */,
				58E50C1CFBA9F0F95EB8BDC5 /* ContentView.swift in Sources */,
				236857F5CF1898DC2CC54FD8 /* EditorDocument.swift in Sources */,
				D14EDE2AF7E1C44A04148482 /* EditorWorkspaceView.swift in Sources */,
				1464840D23149E96B3BD5F4F /* FileNode.swift in Sources */,
				34D92B120E17117437B4C83A /* RollCodeApp.swift in Sources */,
				DE6BF8C0C0BCACF4BB84013E /* SidebarView.swift in Sources */,
				8C902C37A357B6D62BDE498A /* StatusBarView.swift in Sources */,
				E9D3DE8C6724FE8BE147974F /* TerminalSession.swift in Sources */,
				1A8C632D8AAD6BADE387FD84 /* TerminalView.swift in Sources */,
				BA0A6FF1AC63E894958177DE /* WorkspaceModel.swift in Sources */,
				EB4E46972CC51A25E72AF525 /* WorkspaceToolbar.swift in Sources */,
			);
			runOnlyForDeploymentPostprocessing = 0;
		};
/* End PBXSourcesBuildPhase section */

/* Begin PBXTargetDependency section */
		74F0A385ABCDE8EAB7395375 /* PBXTargetDependency */ = {
			isa = PBXTargetDependency;
			target = 0130AA5B136A4F5AC56ACE81 /* RollCode */;
			targetProxy = 67F52093D81046510E8BFCE6 /* PBXContainerItemProxy */;
		};
/* End PBXTargetDependency section */

/* Begin XCBuildConfiguration section */
		08D107183CA05B0DFDC14372 /* Release */ = {
			isa = XCBuildConfiguration;
			buildSettings = {
				ALWAYS_SEARCH_USER_PATHS = NO;
				CLANG_ANALYZER_NONNULL = YES;
				CLANG_ANALYZER_NUMBER_OBJECT_CONVERSION = YES_AGGRESSIVE;
				CLANG_CXX_LANGUAGE_STANDARD = "gnu++14";
				CLANG_CXX_LIBRARY = "libc++";
				CLANG_ENABLE_MODULES = YES;
				CLANG_ENABLE_OBJC_ARC = YES;
				CLANG_ENABLE_OBJC_WEAK = YES;
				CLANG_WARN_BLOCK_CAPTURE_AUTORELEASING = YES;
				CLANG_WARN_BOOL_CONVERSION = YES;
				CLANG_WARN_COMMA = YES;
				CLANG_WARN_CONSTANT_CONVERSION = YES;
				CLANG_WARN_DEPRECATED_OBJC_IMPLEMENTATIONS = YES;
				CLANG_WARN_DIRECT_OBJC_ISA_USAGE = YES_ERROR;
				CLANG_WARN_DOCUMENTATION_COMMENTS = YES;
				CLANG_WARN_EMPTY_BODY = YES;
				CLANG_WARN_ENUM_CONVERSION = YES;
				CLANG_WARN_INFINITE_RECURSION = YES;
				CLANG_WARN_INT_CONVERSION = YES;
				CLANG_WARN_NON_LITERAL_NULL_CONVERSION = YES;
				CLANG_WARN_OBJC_IMPLICIT_RETAIN_SELF = YES;
				CLANG_WARN_OBJC_LITERAL_CONVERSION = YES;
				CLANG_WARN_OBJC_ROOT_CLASS = YES_ERROR;
				CLANG_WARN_QUOTED_INCLUDE_IN_FRAMEWORK_HEADER = YES;
				CLANG_WARN_RANGE_LOOP_ANALYSIS = YES;
				CLANG_WARN_STRICT_PROTOTYPES = YES;
				CLANG_WARN_SUSPICIOUS_MOVE = YES;
				CLANG_WARN_UNGUARDED_AVAILABILITY = YES_AGGRESSIVE;
				CLANG_WARN_UNREACHABLE_CODE = YES;
				CLANG_WARN__DUPLICATE_METHOD_MATCH = YES;
				CODE_SIGN_STYLE = Automatic;
				COPY_PHASE_STRIP = NO;
				CURRENT_PROJECT_VERSION = 1;
				DEBUG_INFORMATION_FORMAT = "dwarf-with-dsym";
				ENABLE_NS_ASSERTIONS = NO;
				ENABLE_STRICT_OBJC_MSGSEND = YES;
				GCC_C_LANGUAGE_STANDARD = gnu11;
				GCC_NO_COMMON_BLOCKS = YES;
				GCC_WARN_64_TO_32_BIT_CONVERSION = YES;
				GCC_WARN_ABOUT_RETURN_TYPE = YES_ERROR;
				GCC_WARN_UNDECLARED_SELECTOR = YES;
				GCC_WARN_UNINITIALIZED_AUTOS = YES_AGGRESSIVE;
				GCC_WARN_UNUSED_FUNCTION = YES;
				GCC_WARN_UNUSED_VARIABLE = YES;
				MACOSX_DEPLOYMENT_TARGET = 14.0;
				MARKETING_VERSION = 0.1.0;
				MTL_ENABLE_DEBUG_INFO = NO;
				MTL_FAST_MATH = YES;
				PRODUCT_NAME = "$(TARGET_NAME)";
				SDKROOT = macosx;
				SWIFT_COMPILATION_MODE = wholemodule;
				SWIFT_OPTIMIZATION_LEVEL = "-O";
				SWIFT_VERSION = 5.0;
			};
			name = Release;
		};
		5C93EC79D7A0DC8B6814304A /* Release */ = {
			isa = XCBuildConfiguration;
			buildSettings = {
				ASSETCATALOG_COMPILER_APPICON_NAME = AppIcon;
				COMBINE_HIDPI_IMAGES = YES;
				ENABLE_APP_SANDBOX = NO;
				GENERATE_INFOPLIST_FILE = NO;
				INFOPLIST_FILE = RollCode/Resources/Info.plist;
				LD_RUNPATH_SEARCH_PATHS = (
					"$(inherited)",
					"@executable_path/../Frameworks",
				);
				PRODUCT_BUNDLE_IDENTIFIER = com.rollprojects.RollCode;
				PRODUCT_NAME = RollCode;
				SDKROOT = macosx;
			};
			name = Release;
		};
		5F06643EFCDDC5FBE286DCAE /* Release */ = {
			isa = XCBuildConfiguration;
			buildSettings = {
				BUNDLE_LOADER = "$(TEST_HOST)";
				COMBINE_HIDPI_IMAGES = YES;
				GENERATE_INFOPLIST_FILE = YES;
				LD_RUNPATH_SEARCH_PATHS = (
					"$(inherited)",
					"@executable_path/../Frameworks",
					"@loader_path/../Frameworks",
				);
				PRODUCT_BUNDLE_IDENTIFIER = com.rollprojects.RollCodeTests;
				SDKROOT = macosx;
				TEST_HOST = "$(BUILT_PRODUCTS_DIR)/RollCode.app/Contents/MacOS/RollCode";
			};
			name = Release;
		};
		6FB76803DED1A53C958B6B74 /* Debug */ = {
			isa = XCBuildConfiguration;
			buildSettings = {
				BUNDLE_LOADER = "$(TEST_HOST)";
				COMBINE_HIDPI_IMAGES = YES;
				GENERATE_INFOPLIST_FILE = YES;
				LD_RUNPATH_SEARCH_PATHS = (
					"$(inherited)",
					"@executable_path/../Frameworks",
					"@loader_path/../Frameworks",
				);
				PRODUCT_BUNDLE_IDENTIFIER = com.rollprojects.RollCodeTests;
				SDKROOT = macosx;
				TEST_HOST = "$(BUILT_PRODUCTS_DIR)/RollCode.app/Contents/MacOS/RollCode";
			};
			name = Debug;
		};
		810D82D7BF0426F7BB67F5F2 /* Debug */ = {
			isa = XCBuildConfiguration;
			buildSettings = {
				ALWAYS_SEARCH_USER_PATHS = NO;
				CLANG_ANALYZER_NONNULL = YES;
				CLANG_ANALYZER_NUMBER_OBJECT_CONVERSION = YES_AGGRESSIVE;
				CLANG_CXX_LANGUAGE_STANDARD = "gnu++14";
				CLANG_CXX_LIBRARY = "libc++";
				CLANG_ENABLE_MODULES = YES;
				CLANG_ENABLE_OBJC_ARC = YES;
				CLANG_ENABLE_OBJC_WEAK = YES;
				CLANG_WARN_BLOCK_CAPTURE_AUTORELEASING = YES;
				CLANG_WARN_BOOL_CONVERSION = YES;
				CLANG_WARN_COMMA = YES;
				CLANG_WARN_CONSTANT_CONVERSION = YES;
				CLANG_WARN_DEPRECATED_OBJC_IMPLEMENTATIONS = YES;
				CLANG_WARN_DIRECT_OBJC_ISA_USAGE = YES_ERROR;
				CLANG_WARN_DOCUMENTATION_COMMENTS = YES;
				CLANG_WARN_EMPTY_BODY = YES;
				CLANG_WARN_ENUM_CONVERSION = YES;
				CLANG_WARN_INFINITE_RECURSION = YES;
				CLANG_WARN_INT_CONVERSION = YES;
				CLANG_WARN_NON_LITERAL_NULL_CONVERSION = YES;
				CLANG_WARN_OBJC_IMPLICIT_RETAIN_SELF = YES;
				CLANG_WARN_OBJC_LITERAL_CONVERSION = YES;
				CLANG_WARN_OBJC_ROOT_CLASS = YES_ERROR;
				CLANG_WARN_QUOTED_INCLUDE_IN_FRAMEWORK_HEADER = YES;
				CLANG_WARN_RANGE_LOOP_ANALYSIS = YES;
				CLANG_WARN_STRICT_PROTOTYPES = YES;
				CLANG_WARN_SUSPICIOUS_MOVE = YES;
				CLANG_WARN_UNGUARDED_AVAILABILITY = YES_AGGRESSIVE;
				CLANG_WARN_UNREACHABLE_CODE = YES;
				CLANG_WARN__DUPLICATE_METHOD_MATCH = YES;
				CODE_SIGN_STYLE = Automatic;
				COPY_PHASE_STRIP = NO;
				CURRENT_PROJECT_VERSION = 1;
				DEBUG_INFORMATION_FORMAT = dwarf;
				ENABLE_STRICT_OBJC_MSGSEND = YES;
				ENABLE_TESTABILITY = YES;
				GCC_C_LANGUAGE_STANDARD = gnu11;
				GCC_DYNAMIC_NO_PIC = NO;
				GCC_NO_COMMON_BLOCKS = YES;
				GCC_OPTIMIZATION_LEVEL = 0;
				GCC_PREPROCESSOR_DEFINITIONS = (
					"$(inherited)",
					"DEBUG=1",
				);
				GCC_WARN_64_TO_32_BIT_CONVERSION = YES;
				GCC_WARN_ABOUT_RETURN_TYPE = YES_ERROR;
				GCC_WARN_UNDECLARED_SELECTOR = YES;
				GCC_WARN_UNINITIALIZED_AUTOS = YES_AGGRESSIVE;
				GCC_WARN_UNUSED_FUNCTION = YES;
				GCC_WARN_UNUSED_VARIABLE = YES;
				MACOSX_DEPLOYMENT_TARGET = 14.0;
				MARKETING_VERSION = 0.1.0;
				MTL_ENABLE_DEBUG_INFO = INCLUDE_SOURCE;
				MTL_FAST_MATH = YES;
				ONLY_ACTIVE_ARCH = YES;
				PRODUCT_NAME = "$(TARGET_NAME)";
				SDKROOT = macosx;
				SWIFT_ACTIVE_COMPILATION_CONDITIONS = DEBUG;
				SWIFT_OPTIMIZATION_LEVEL = "-Onone";
				SWIFT_VERSION = 5.0;
			};
			name = Debug;
		};
		96E345A0AD988F9F492B5EC3 /* Debug */ = {
			isa = XCBuildConfiguration;
			buildSettings = {
				ASSETCATALOG_COMPILER_APPICON_NAME = AppIcon;
				COMBINE_HIDPI_IMAGES = YES;
				ENABLE_APP_SANDBOX = NO;
				GENERATE_INFOPLIST_FILE = NO;
				INFOPLIST_FILE = RollCode/Resources/Info.plist;
				LD_RUNPATH_SEARCH_PATHS = (
					"$(inherited)",
					"@executable_path/../Frameworks",
				);
				PRODUCT_BUNDLE_IDENTIFIER = com.rollprojects.RollCode;
				PRODUCT_NAME = RollCode;
				SDKROOT = macosx;
			};
			name = Debug;
		};
/* End XCBuildConfiguration section */

/* Begin XCConfigurationList section */
		5A5AA8008D10764A185BF25E /* Build configuration list for PBXProject "RollCode" */ = {
			isa = XCConfigurationList;
			buildConfigurations = (
				810D82D7BF0426F7BB67F5F2 /* Debug */,
				08D107183CA05B0DFDC14372 /* Release */,
			);
			defaultConfigurationIsVisible = 0;
			defaultConfigurationName = Debug;
		};
		714B78387D631ABC336B7C6C /* Build configuration list for PBXNativeTarget "RollCodeTests" */ = {
			isa = XCConfigurationList;
			buildConfigurations = (
				6FB76803DED1A53C958B6B74 /* Debug */,
				5F06643EFCDDC5FBE286DCAE /* Release */,
			);
			defaultConfigurationIsVisible = 0;
			defaultConfigurationName = Debug;
		};
		83F5ED22D474D639FDCDF89B /* Build configuration list for PBXNativeTarget "RollCode" */ = {
			isa = XCConfigurationList;
			buildConfigurations = (
				96E345A0AD988F9F492B5EC3 /* Debug */,
				5C93EC79D7A0DC8B6814304A /* Release */,
			);
			defaultConfigurationIsVisible = 0;
			defaultConfigurationName = Debug;
		};
/* End XCConfigurationList section */
	};
	rootObject = 9EFD5EF15A8494AB690413B7 /* Project object */;
}
